
Microsoft Visual Studio Solution File, Format Version 12.00
# Visual Studio 2012
Project("{FAE04EC0-301F-11D3-BF4B-00C04F79EFBC}") = "PartyInvites", "PartyInvites\PartyInvites.csproj", "{F4B8FA35-7140-4D06-88B2-DB1E45B4F16E}"
EndProject
Global
	GlobalSection(SolutionConfigurationPlatforms) = preSolution
		Debug|Any CPU = Debug|Any CPU
		Release|Any CPU = Release|Any CPU
	EndGlobalSection
	GlobalSection(ProjectConfigurationPlatforms) = postSolution
		{F4B8FA35-7140-4D06-88B2-DB1E45B4F16E}.Debug|Any CPU.ActiveCfg = Debug|Any CPU
		{F4B8FA35-7140-4D06-88B2-DB1E45B4F16E}.Debug|Any CPU.Build.0 = Debug|Any CPU
		{F4B8FA35-7140-4D06-88B2-DB1E45B4F16E}.Release|Any CPU.ActiveCfg = Release|Any CPU
		{F4B8FA35-7140-4D06-88B2-DB1E45B4F16E}.Release|Any CPU.Build.0 = Release|Any CPU
	EndGlobalSection
	GlobalSection(SolutionProperties) = preSolution
		HideSolutionNode = FALSE
	EndGlobalSection
EndGlobal
